
Microsoft Visual Studio Solution File, Format Version 12.00
# Visual Studio Version 17
VisualStudioVersion = 17.4.33213.308
MinimumVisualStudioVersion = 10.0.40219.1
Project("{9A19103F-16F7-4668-BE54-9A1E7A4F7556}") = "MVCAPICRUD", "..\MVCAPICRUD\MVCAPICRUD.csproj", "{B266FFD7-6A0A-42AA-999B-8C0089B94303}"
EndProject
Project("{FAE04EC0-301F-11D3-BF4B-00C04F79EFBC}") = "WebApplication2", "..\WebApplication2\WebApplication2.csproj", "{E8388218-ABE0-4D97-B879-93ACB0280C76}"
EndProject
Global
	GlobalSection(SolutionConfigurationPlatforms) = preSolution
		Debug|Any CPU = Debug|Any CPU
		Release|Any CPU = Release|Any CPU
	EndGlobalSection
	GlobalSection(ProjectConfigurationPlatforms) = postSolution
		{B266FFD7-6A0A-42AA-999B-8C0089B94303}.Debug|Any CPU.ActiveCfg = Debug|Any CPU
		{B266FFD7-6A0A-42AA-999B-8C0089B94303}.Debug|Any CPU.Build.0 = Debug|Any CPU
		{B266FFD7-6A0A-42AA-999B-8C0089B94303}.Release|Any CPU.ActiveCfg = Release|Any CPU
		{B266FFD7-6A0A-42AA-999B-8C0089B94303}.Release|Any CPU.Build.0 = Release|Any CPU
		{E8388218-ABE0-4D97-B879-93ACB0280C76}.Debug|Any CPU.ActiveCfg = Debug|Any CPU
		{E8388218-ABE0-4D97-B879-93ACB0280C76}.Debug|Any CPU.Build.0 = Debug|Any CPU
		{E8388218-ABE0-4D97-B879-93ACB0280C76}.Release|Any CPU.ActiveCfg = Release|Any CPU
		{E8388218-ABE0-4D97-B879-93ACB0280C76}.Release|Any CPU.Build.0 = Release|Any CPU
	EndGlobalSection
	GlobalSection(SolutionProperties) = preSolution
		HideSolutionNode = FALSE
	EndGlobalSection
	GlobalSection(ExtensibilityGlobals) = postSolution
		SolutionGuid = {800E38FA-A26B-4CF6-9292-F79926226233}
	EndGlobalSection
EndGlobal
